<?xml version="1.0" encoding="utf-8"?>
<Project ToolsVersion="4.0" xmlns="http://schemas.microsoft.com/developer/msbuild/2003">
  <ItemGroup>
    <Filter Include="Interface">
      <UniqueIdentifier>{42e55a2b-f6d5-4b7c-89d3-ffa536fef6f9}</UniqueIdentifier>
    </Filter>
    <Filter Include="Common">
      <UniqueIdentifier>{1d070f72-5ad5-4652-bc2c-49c882a1ba80}</UniqueIdentifier>
    </Filter>
    <Filter Include="Classes">
      <UniqueIdentifier>{e219949f-dd27-4ba6-85db-47cefe4e644a}</UniqueIdentifier>
    </Filter>
  </ItemGroup>
  <ItemGroup>
    <ClInclude Include="..\..\Interface\IQueryResult.h">
      <Filter>Interface</Filter>
    </ClInclude>
    <ClInclude Include="..\..\Interface\ISQLService.h">
      <Filter>Interface</Filter>
    </ClInclude>
    <ClInclude Include="..\..\Common\QueryResult.h">
      <Filter>Common</Filter>
    </ClInclude>
    <ClInclude Include="..\..\Common\DataBase.h">
      <Filter>Common</Filter>
    </ClInclude>
    <ClInclude Include="..\Classes\MySQLService.h">
      <Filter>Classes</Filter>
    </ClInclude>
    <ClInclude Include="..\Classes\MysqlQueryResult.h">
      <Filter>Classes</Filter>
    </ClInclude>
    <ClInclude Include="..\..\Common\CThread.h">
      <Filter>Common</Filter>
    </ClInclude>
    <ClInclude Include="..\..\Common\CLock.h">
      <Filter>Common</Filter>
    </ClInclude>
  </ItemGroup>
  <ItemGroup>
    <ClCompile Include="..\..\Common\DataBase.cpp">
      <Filter>Common</Filter>
    </ClCompile>
    <ClCompile Include="..\Classes\MySQLService.cpp">
      <Filter>Classes</Filter>
    </ClCompile>
    <ClCompile Include="..\Classes\MysqlQueryResult.cpp">
      <Filter>Classes</Filter>
    </ClCompile>
    <ClCompile Include="..\..\Common\CThread.cpp">
      <Filter>Common</Filter>
    </ClCompile>
    <ClCompile Include="..\Classes\Interface.cpp">
      <Filter>Classes</Filter>
    </ClCompile>
  </ItemGroup>
</Project>