
Microsoft Visual Studio Solution File, Format Version 11.00
# Visual Studio 2010
Project("{8BC9CEB8-8B4A-11D0-8D11-00A0C91BC942}") = "PushBox", "PushBox.vcxproj", "{A68D43C9-BE10-40FB-98D0-2F1ED4908185}"
EndProject
Global
	GlobalSection(SolutionConfigurationPlatforms) = preSolution
		Debug|Win32 = Debug|Win32
		Release|Win32 = Release|Win32
	EndGlobalSection
	GlobalSection(ProjectConfigurationPlatforms) = postSolution
		{A68D43C9-BE10-40FB-98D0-2F1ED4908185}.Debug|Win32.ActiveCfg = Debug|Win32
		{A68D43C9-BE10-40FB-98D0-2F1ED4908185}.Debug|Win32.Build.0 = Debug|Win32
		{A68D43C9-BE10-40FB-98D0-2F1ED4908185}.Release|Win32.ActiveCfg = Release|Win32
		{A68D43C9-BE10-40FB-98D0-2F1ED4908185}.Release|Win32.Build.0 = Release|Win32
	EndGlobalSection
	GlobalSection(SolutionProperties) = preSolution
		HideSolutionNode = FALSE
	EndGlobalSection
EndGlobal
